<?xml version="1.0" encoding="utf-8"?>
<Project ToolsVersion="4.0" xmlns="http://schemas.microsoft.com/developer/msbuild/2003">
  <ItemGroup>
    <Filter Include="Quelldateien">
      <UniqueIdentifier>{4FC737F1-C7A5-4376-A066-2A32D752A2FF}</UniqueIdentifier>
      <Extensions>cpp;c;cxx;def;odl;idl;hpj;bat;asm;asmx</Extensions>
    </Filter>
    <Filter Include="Headerdateien">
      <UniqueIdentifier>{93995380-89BD-4b04-88EB-625FBE52EBFB}</UniqueIdentifier>
      <Extensions>h;hpp;hxx;hm;inl;inc;xsd</Extensions>
    </Filter>
    <Filter Include="Ressourcendateien">
      <UniqueIdentifier>{67DA6AB6-F800-4c08-8B7A-83BB121AAD01}</UniqueIdentifier>
      <Extensions>rc;ico;cur;bmp;dlg;rc2;rct;bin;rgs;gif;jpg;jpeg;jpe;resx</Extensions>
    </Filter>
    <Filter Include="sonstige Dateien">
      <UniqueIdentifier>{1054828f-0883-4482-9301-d6727510b736}</UniqueIdentifier>
    </Filter>
  </ItemGroup>
  <ItemGroup>
    <ClCompile Include="source\cpusearch.c">
      <Filter>Quelldateien</Filter>
    </ClCompile>
    <ClCompile Include="source\dlg_about.c">
      <Filter>Quelldateien</Filter>
    </ClCompile>
    <ClCompile Include="source\dlg_axtraceconfig.c">
      <Filter>Quelldateien</Filter>
    </ClCompile>
    <ClCompile Include="source\dlg_showpviobjects.c">
      <Filter>Quelldateien</Filter>
    </ClCompile>
    <ClCompile Include="source\dlg_writepvar.c">
      <Filter>Quelldateien</Filter>
    </ClCompile>
    <ClCompile Include="source\iphlp.c">
      <Filter>Quelldateien</Filter>
    </ClCompile>
    <ClCompile Include="source\logger.c">
      <Filter>Quelldateien</Filter>
    </ClCompile>
    <ClCompile Include="source\main.c">
      <Filter>Quelldateien</Filter>
    </ClCompile>
    <ClCompile Include="source\mylistview.c">
      <Filter>Quelldateien</Filter>
    </ClCompile>
    <ClCompile Include="source\mytreeview.c">
      <Filter>Quelldateien</Filter>
    </ClCompile>
    <ClCompile Include="source\ping.c">
      <Filter>Quelldateien</Filter>
    </ClCompile>
    <ClCompile Include="source\plot.c">
      <Filter>Quelldateien</Filter>
    </ClCompile>
    <ClCompile Include="source\pvi_interface.c">
      <Filter>Quelldateien</Filter>
    </ClCompile>
    <ClCompile Include="source\settings.c">
      <Filter>Quelldateien</Filter>
    </ClCompile>
    <ClCompile Include="source\stringtools.c">
      <Filter>Quelldateien</Filter>
    </ClCompile>
    <ClCompile Include="source\zip.c">
      <Filter>Quelldateien</Filter>
    </ClCompile>
  </ItemGroup>
  <ItemGroup>
    <ClInclude Include="source\cpusearch.h">
      <Filter>Headerdateien</Filter>
    </ClInclude>
    <ClInclude Include="source\logger.h">
      <Filter>Headerdateien</Filter>
    </ClInclude>
    <ClInclude Include="source\main.h">
      <Filter>Headerdateien</Filter>
    </ClInclude>
    <ClInclude Include="source\mylistview.h">
      <Filter>Headerdateien</Filter>
    </ClInclude>
    <ClInclude Include="source\mytreeview.h">
      <Filter>Headerdateien</Filter>
    </ClInclude>
    <ClInclude Include="source\ping.h">
      <Filter>Headerdateien</Filter>
    </ClInclude>
    <ClInclude Include="source\plot.h">
      <Filter>Headerdateien</Filter>
    </ClInclude>
    <ClInclude Include="source\pvi_interface.h">
      <Filter>Headerdateien</Filter>
    </ClInclude>
    <ClInclude Include="source\PviCom.h">
      <Filter>Headerdateien</Filter>
    </ClInclude>
    <ClInclude Include="source\resource.h">
      <Filter>Headerdateien</Filter>
    </ClInclude>
    <ClInclude Include="source\settings.h">
      <Filter>Headerdateien</Filter>
    </ClInclude>
    <ClInclude Include="source\stringtools.h">
      <Filter>Headerdateien</Filter>
    </ClInclude>
    <ClInclude Include="source\zconf.h">
      <Filter>Headerdateien</Filter>
    </ClInclude>
    <ClInclude Include="source\zip.h">
      <Filter>Headerdateien</Filter>
    </ClInclude>
    <ClInclude Include="source\zlib.h">
      <Filter>Headerdateien</Filter>
    </ClInclude>
  </ItemGroup>
  <ItemGroup>
    <None Include="source\array.ico">
      <Filter>Ressourcendateien</Filter>
    </None>
    <None Include="source\auge.ico">
      <Filter>Ressourcendateien</Filter>
    </None>
    <None Include="source\boolean.ico">
      <Filter>Ressourcendateien</Filter>
    </None>
    <None Include="source\cpu.ico">
      <Filter>Ressourcendateien</Filter>
    </None>
    <None Include="source\daten_and_time.ico">
      <Filter>Ressourcendateien</Filter>
    </None>
    <None Include="source\default_brwatch.ini">
      <Filter>Ressourcendateien</Filter>
    </None>
    <None Include="source\device.ico">
      <Filter>Ressourcendateien</Filter>
    </None>
    <None Include="source\global.ico">
      <Filter>Ressourcendateien</Filter>
    </None>
    <None Include="source\i16.ico">
      <Filter>Ressourcendateien</Filter>
    </None>
    <None Include="source\i32.ico">
      <Filter>Ressourcendateien</Filter>
    </None>
    <None Include="source\i8.ico">
      <Filter>Ressourcendateien</Filter>
    </None>
    <None Include="source\inifile1.bin">
      <Filter>Ressourcendateien</Filter>
    </None>
    <None Include="source\plot.ico">
      <Filter>Ressourcendateien</Filter>
    </None>
    <None Include="source\pvi.ico">
      <Filter>Ressourcendateien</Filter>
    </None>
    <None Include="source\real.ico">
      <Filter>Ressourcendateien</Filter>
    </None>
    <None Include="source\string.ico">
      <Filter>Ressourcendateien</Filter>
    </None>
    <None Include="source\struct.ico">
      <Filter>Ressourcendateien</Filter>
    </None>
    <None Include="source\task.ico">
      <Filter>Ressourcendateien</Filter>
    </None>
    <None Include="source\time.ico">
      <Filter>Ressourcendateien</Filter>
    </None>
    <None Include="source\u16.ico">
      <Filter>Ressourcendateien</Filter>
    </None>
    <None Include="source\u32.ico">
      <Filter>Ressourcendateien</Filter>
    </None>
    <None Include="source\u8.ico">
      <Filter>Ressourcendateien</Filter>
    </None>
    <None Include="source\variable.ico">
      <Filter>Ressourcendateien</Filter>
    </None>
    <None Include="brwatch.ini">
      <Filter>sonstige Dateien</Filter>
    </None>
  </ItemGroup>
  <ItemGroup>
    <ResourceCompile Include="source\main.rc">
      <Filter>Ressourcendateien</Filter>
    </ResourceCompile>
  </ItemGroup>
  <ItemGroup>
    <Library Include="zlib.lib" />
    <Library Include="PviCom.lib" />
  </ItemGroup>
</Project>